{
  "name": "huatian-service",
  "version": "1.0.0",
  "lockfileVersion": 2,
  "requires": true,
  "packages": {
    "": {
      "name": "huatian-service",
      "version": "1.0.0",
      "license": "MIT"
    },
    "../huatian-domain": {
      "name": "@huatian/domain",
      "version": "1.0.0",
      "extraneous": true,
      "license": "MIT"
    },
    "../huatian-utils": {
      "name": "@huatian/utils",
      "version": "1.0.0",
      "extraneous": true,
      "license": "ISC"
    }
  }
}
